
Microsoft Visual Studio Solution File, Format Version 12.00
# Visual Studio Version 16
VisualStudioVersion = 16.0.32802.440
MinimumVisualStudioVersion = 10.0.40219.1
Project("{FAE04EC0-301F-11D3-BF4B-00C04F79EFBC}") = "Transport", "Transport.csproj", "{4A5AD567-62D5-452A-B3BF-546B6FD0C089}"
EndProject
Global
	GlobalSection(SolutionConfigurationPlatforms) = preSolution
		Debug|Any CPU = Debug|Any CPU
		Release|Any CPU = Release|Any CPU
	EndGlobalSection
	GlobalSection(ProjectConfigurationPlatforms) = postSolution
		{4A5AD567-62D5-452A-B3BF-546B6FD0C089}.Debug|Any CPU.ActiveCfg = Debug|Any CPU
		{4A5AD567-62D5-452A-B3BF-546B6FD0C089}.Debug|Any CPU.Build.0 = Debug|Any CPU
		{4A5AD567-62D5-452A-B3BF-546B6FD0C089}.Release|Any CPU.ActiveCfg = Release|Any CPU
		{4A5AD567-62D5-452A-B3BF-546B6FD0C089}.Release|Any CPU.Build.0 = Release|Any CPU
	EndGlobalSection
	GlobalSection(SolutionProperties) = preSolution
		HideSolutionNode = FALSE
	EndGlobalSection
	GlobalSection(ExtensibilityGlobals) = postSolution
		SolutionGuid = {25245D46-8257-4722-87C5-1E2892B4B21A}
	EndGlobalSection
EndGlobal
